
Microsoft Visual Studio Solution File, Format Version 12.00
# Visual Studio Version 16
VisualStudioVersion = 16.0.33529.622
MinimumVisualStudioVersion = 10.0.40219.1
Project("{FAE04EC0-301F-11D3-BF4B-00C04F79EFBC}") = "MVCDemo", "MVCDemo\MVCDemo.csproj", "{9701E887-34D5-4616-AC83-5C5A175B6059}"
EndProject
Global
	GlobalSection(SolutionConfigurationPlatforms) = preSolution
		Debug|Any CPU = Debug|Any CPU
		Release|Any CPU = Release|Any CPU
	EndGlobalSection
	GlobalSection(ProjectConfigurationPlatforms) = postSolution
		{9701E887-34D5-4616-AC83-5C5A175B6059}.Debug|Any CPU.ActiveCfg = Debug|Any CPU
		{9701E887-34D5-4616-AC83-5C5A175B6059}.Debug|Any CPU.Build.0 = Debug|Any CPU
		{9701E887-34D5-4616-AC83-5C5A175B6059}.Release|Any CPU.ActiveCfg = Release|Any CPU
		{9701E887-34D5-4616-AC83-5C5A175B6059}.Release|Any CPU.Build.0 = Release|Any CPU
	EndGlobalSection
	GlobalSection(SolutionProperties) = preSolution
		HideSolutionNode = FALSE
	EndGlobalSection
	GlobalSection(ExtensibilityGlobals) = postSolution
		SolutionGuid = {180CB23E-715B-4579-8137-092FA3D78BAB}
	EndGlobalSection
EndGlobal
