
Microsoft Visual Studio Solution File, Format Version 12.00
# Visual Studio Version 16
VisualStudioVersion = 16.0.33529.622
MinimumVisualStudioVersion = 10.0.40219.1
Project("{FAE04EC0-301F-11D3-BF4B-00C04F79EFBC}") = "AspEmployeeProject", "AspEmployeeProject\AspEmployeeProject.csproj", "{BEB1DB78-BB98-4113-915F-868CEA9D18C0}"
EndProject
Global
	GlobalSection(SolutionConfigurationPlatforms) = preSolution
		Debug|Any CPU = Debug|Any CPU
		Release|Any CPU = Release|Any CPU
	EndGlobalSection
	GlobalSection(ProjectConfigurationPlatforms) = postSolution
		{BEB1DB78-BB98-4113-915F-868CEA9D18C0}.Debug|Any CPU.ActiveCfg = Debug|Any CPU
		{BEB1DB78-BB98-4113-915F-868CEA9D18C0}.Debug|Any CPU.Build.0 = Debug|Any CPU
		{BEB1DB78-BB98-4113-915F-868CEA9D18C0}.Release|Any CPU.ActiveCfg = Release|Any CPU
		{BEB1DB78-BB98-4113-915F-868CEA9D18C0}.Release|Any CPU.Build.0 = Release|Any CPU
	EndGlobalSection
	GlobalSection(SolutionProperties) = preSolution
		HideSolutionNode = FALSE
	EndGlobalSection
	GlobalSection(ExtensibilityGlobals) = postSolution
		SolutionGuid = {1B6F13A5-2B3F-4CDB-B8F5-56DE2C00124D}
	EndGlobalSection
EndGlobal
