
Microsoft Visual Studio Solution File, Format Version 12.00
# Visual Studio Version 16
VisualStudioVersion = 16.0.33529.622
MinimumVisualStudioVersion = 10.0.40219.1
Project("{FAE04EC0-301F-11D3-BF4B-00C04F79EFBC}") = "AspTemplateBinding", "AspTemplateBinding\AspTemplateBinding.csproj", "{885CADA1-C9D4-4665-ADDD-D8E5E437D757}"
EndProject
Global
	GlobalSection(SolutionConfigurationPlatforms) = preSolution
		Debug|Any CPU = Debug|Any CPU
		Release|Any CPU = Release|Any CPU
	EndGlobalSection
	GlobalSection(ProjectConfigurationPlatforms) = postSolution
		{885CADA1-C9D4-4665-ADDD-D8E5E437D757}.Debug|Any CPU.ActiveCfg = Debug|Any CPU
		{885CADA1-C9D4-4665-ADDD-D8E5E437D757}.Debug|Any CPU.Build.0 = Debug|Any CPU
		{885CADA1-C9D4-4665-ADDD-D8E5E437D757}.Release|Any CPU.ActiveCfg = Release|Any CPU
		{885CADA1-C9D4-4665-ADDD-D8E5E437D757}.Release|Any CPU.Build.0 = Release|Any CPU
	EndGlobalSection
	GlobalSection(SolutionProperties) = preSolution
		HideSolutionNode = FALSE
	EndGlobalSection
	GlobalSection(ExtensibilityGlobals) = postSolution
		SolutionGuid = {F6DB5DAA-23BD-4357-8DD1-B9BF566915FE}
	EndGlobalSection
EndGlobal
